// !$*UTF8*$!
{
	archiveVersion = 1;
	classes = {
	};
	objectVersion = 46;
	objects = {

/* Begin PBXBuildFile section */
		DF4763601A5EC9A5000753B3 /* AppDelegate.swift in Sources */ = {isa = PBXBuildFile; fileRef = DF47635F1A5EC9A5000753B3 /* AppDelegate.swift */; };
		DF4763621A5EC9A5000753B3 /* ViewController.swift in Sources */ = {isa = PBXBuildFile; fileRef = DF4763611A5EC9A5000753B3 /* ViewController.swift */; };
		DF4763651A5EC9A5000753B3 /* Main.storyboard in Resources */ = {isa = PBXBuildFile; fileRef = DF4763631A5EC9A5000753B3 /* Main.storyboard */; };
		DF4763671A5EC9A5000753B3 /* Images.xcassets in Resources */ = {isa = PBXBuildFile; fileRef = DF4763661A5EC9A5000753B3 /* Images.xcassets */; };
		DF47636A1A5EC9A5000753B3 /* LaunchScreen.xib in Resources */ = {isa = PBXBuildFile; fileRef = DF4763681A5EC9A5000753B3 /* LaunchScreen.xib */; };
		DF4763761A5EC9A5000753B3 /* Brain3Tests.swift in Sources */ = {isa = PBXBuildFile; fileRef = DF4763751A5EC9A5000753B3 /* Brain3Tests.swift */; };
/* End PBXBuildFile section */

/* Begin PBXContainerItemProxy section */
		DF4763701A5EC9A5000753B3 /* PBXContainerItemProxy */ = {
			isa = PBXContainerItemProxy;
			containerPortal = DF4763521A5EC9A5000753B3 /* Project object */;
			proxyType = 1;
			remoteGlobalIDString = DF4763591A5EC9A5000753B3;
			remoteInfo = Brain3;
		};
/* End PBXContainerItemProxy section */

/* Begin PBXFileReference section */
		DF47635A1A5EC9A5000753B3 /* Brain3.app */ = {isa = PBXFileReference; explicitFileType = wrapper.application; includeInIndex = 0; path = Brain3.app; sourceTree = BUILT_PRODUCTS_DIR; };
		DF47635E1A5EC9A5000753B3 /* Info.plist */ = {isa = PBXFileReference; lastKnownFileType = text.plist.xml; path = Info.plist; sourceTree = "<group>"; };
		DF47635F1A5EC9A5000753B3 /* AppDelegate.swift */ = {isa = PBXFileReference; lastKnownFileType = sourcecode.swift; path = AppDelegate.swift; sourceTree = "<group>"; };
		DF4763611A5EC9A5000753B3 /* ViewController.swift */ = {isa = PBXFileReference; lastKnownFileType = sourcecode.swift; path = ViewController.swift; sourceTree = "<group>"; };
		DF4763641A5EC9A5000753B3 /* Base */ = {isa = PBXFileReference; lastKnownFileType = file.storyboard; name = Base; path = Base.lproj/Main.storyboard; sourceTree = "<group>"; };
		DF4763661A5EC9A5000753B3 /* Images.xcassets */ = {isa = PBXFileReference; lastKnownFileType = folder.assetcatalog; path = Images.xcassets; sourceTree = "<group>"; };
		DF4763691A5EC9A5000753B3 /* Base */ = {isa = PBXFileReference; lastKnownFileType = file.xib; name = Base; path = Base.lproj/LaunchScreen.xib; sourceTree = "<group>"; };
		DF47636F1A5EC9A5000753B3 /* Brain3Tests.xctest */ = {isa = PBXFileReference; explicitFileType = wrapper.cfbundle; includeInIndex = 0; path = Brain3Tests.xctest; sourceTree = BUILT_PRODUCTS_DIR; };
		DF4763741A5EC9A5000753B3 /* Info.plist */ = {isa = PBXFileReference; lastKnownFileType = text.plist.xml; path = Info.plist; sourceTree = "<group>"; };
		DF4763751A5EC9A5000753B3 /* Brain3Tests.swift */ = {isa = PBXFileReference; lastKnownFileType = sourcecode.swift; path = Brain3Tests.swift; sourceTree = "<group>"; };
/* End PBXFileReference section */

/* Begin PBXFrameworksBuildPhase section */
		DF4763571A5EC9A5000753B3 /* Frameworks */ = {
			isa = PBXFrameworksBuildPhase;
			buildActionMask = 2147483647;
			files = (
			);
			runOnlyForDeploymentPostprocessing = 0;
		};
		DF47636C1A5EC9A5000753B3 /* Frameworks */ = {
			isa = PBXFrameworksBuildPhase;
			buildActionMask = 2147483647;
			files = (
			);
			runOnlyForDeploymentPostprocessing = 0;
		};
/* End PBXFrameworksBuildPhase section */

/* Begin PBXGroup section */
		DF4763511A5EC9A5000753B3 = {
			isa = PBXGroup;
			children = (
				DF47635C1A5EC9A5000753B3 /* Brain3 */,
				DF4763721A5EC9A5000753B3 /* Brain3Tests */,
				DF47635B1A5EC9A5000753B3 /* Products */,
			);
			sourceTree = "<group>";
		};
		DF47635B1A5EC9A5000753B3 /* Products */ = {
			isa = PBXGroup;
			children = (
				DF47635A1A5EC9A5000753B3 /* Brain3.app */,
				DF47636F1A5EC9A5000753B3 /* Brain3Tests.xctest */,
			);
			name = Products;
			sourceTree = "<group>";
		};
		DF47635C1A5EC9A5000753B3 /* Brain3 */ = {
			isa = PBXGroup;
			children = (
				DF47635F1A5EC9A5000753B3 /* AppDelegate.swift */,
				DF4763611A5EC9A5000753B3 /* ViewController.swift */,
				DF4763631A5EC9A5000753B3 /* Main.storyboard */,
				DF4763661A5EC9A5000753B3 /* Images.xcassets */,
				DF4763681A5EC9A5000753B3 /* LaunchScreen.xib */,
				DF47635D1A5EC9A5000753B3 /* Supporting Files */,
			);
			path = Brain3;
			sourceTree = "<group>";
		};
		DF47635D1A5EC9A5000753B3 /* Supporting Files */ = {
			isa = PBXGroup;
			children = (
				DF47635E1A5EC9A5000753B3 /* Info.plist */,
			);
			name = "Supporting Files";
			sourceTree = "<group>";
		};
		DF4763721A5EC9A5000753B3 /* Brain3Tests */ = {
			isa = PBXGroup;
			children = (
				DF4763751A5EC9A5000753B3 /* Brain3Tests.swift */,
				DF4763731A5EC9A5000753B3 /* Supporting Files */,
			);
			path = Brain3Tests;
			sourceTree = "<group>";
		};
		DF4763731A5EC9A5000753B3 /* Supporting Files */ = {
			isa = PBXGroup;
			children = (
				DF4763741A5EC9A5000753B3 /* Info.plist */,
			);
			name = "Supporting Files";
			sourceTree = "<group>";
		};
/* End PBXGroup section */

/* Begin PBXNativeTarget section */
		DF4763591A5EC9A5000753B3 /* Brain3 */ = {
			isa = PBXNativeTarget;
			buildConfigurationList = DF4763791A5EC9A5000753B3 /* Build configuration list for PBXNativeTarget "Brain3" */;
			buildPhases = (
				DF4763561A5EC9A5000753B3 /* Sources */,
				DF4763571A5EC9A5000753B3 /* Frameworks */,
				DF4763581A5EC9A5000753B3 /* Resources */,
			);
			buildRules = (
			);
			dependencies = (
			);
			name = Brain3;
			productName = Brain3;
			productReference = DF47635A1A5EC9A5000753B3 /* Brain3.app */;
			productType = "com.apple.product-type.application";
		};
		DF47636E1A5EC9A5000753B3 /* Brain3Tests */ = {
			isa = PBXNativeTarget;
			buildConfigurationList = DF47637C1A5EC9A5000753B3 /* Build configuration list for PBXNativeTarget "Brain3Tests" */;
			buildPhases = (
				DF47636B1A5EC9A5000753B3 /* Sources */,
				DF47636C1A5EC9A5000753B3 /* Frameworks */,
				DF47636D1A5EC9A5000753B3 /* Resources */,
			);
			buildRules = (
			);
			dependencies = (
				DF4763711A5EC9A5000753B3 /* PBXTargetDependency */,
			);
			name = Brain3Tests;
			productName = Brain3Tests;
			productReference = DF47636F1A5EC9A5000753B3 /* Brain3Tests.xctest */;
			productType = "com.apple.product-type.bundle.unit-test";
		};
/* End PBXNativeTarget section */

/* Begin PBXProject section */
		DF4763521A5EC9A5000753B3 /* Project object */ = {
			isa = PBXProject;
			attributes = {
				LastUpgradeCheck = 0610;
				ORGANIZATIONNAME = app;
				TargetAttributes = {
					DF4763591A5EC9A5000753B3 = {
						CreatedOnToolsVersion = 6.1.1;
					};
					DF47636E1A5EC9A5000753B3 = {
						CreatedOnToolsVersion = 6.1.1;
						TestTargetID = DF4763591A5EC9A5000753B3;
					};
				};
			};
			buildConfigurationList = DF4763551A5EC9A5000753B3 /* Build configuration list for PBXProject "Brain3" */;
			compatibilityVersion = "Xcode 3.2";
			developmentRegion = English;
			hasScannedForEncodings = 0;
			knownRegions = (
				en,
				Base,
			);
			mainGroup = DF4763511A5EC9A5000753B3;
			productRefGroup = DF47635B1A5EC9A5000753B3 /* Products */;
			projectDirPath = "";
			projectRoot = "";
			targets = (
				DF4763591A5EC9A5000753B3 /* Brain3 */,
				DF47636E1A5EC9A5000753B3 /* Brain3Tests */,
			);
		};
/* End PBXProject section */

/* Begin PBXResourcesBuildPhase section */
		DF4763581A5EC9A5000753B3 /* Resources */ = {
			isa = PBXResourcesBuildPhase;
			buildActionMask = 2147483647;
			files = (
				DF4763651A5EC9A5000753B3 /* Main.storyboard in Resources */,
				DF47636A1A5EC9A5000753B3 /* LaunchScreen.xib in Resources */,
				DF4763671A5EC9A5000753B3 /* Images.xcassets in Resources */,
			);
			runOnlyForDeploymentPostprocessing = 0;
		};
		DF47636D1A5EC9A5000753B3 /* Resources */ = {
			isa = PBXResourcesBuildPhase;
			buildActionMask = 2147483647;
			files = (
			);
			runOnlyForDeploymentPostprocessing = 0;
		};
/* End PBXResourcesBuildPhase section */

/* Begin PBXSourcesBuildPhase section */
		DF4763561A5EC9A5000753B3 /* Sources */ = {
			isa = PBXSourcesBuildPhase;
			buildActionMask = 2147483647;
			files = (
				DF4763621A5EC9A5000753B3 /* ViewController.swift in Sources */,
				DF4763601A5EC9A5000753B3 /* AppDelegate.swift in Sources */,
			);
			runOnlyForDeploymentPostprocessing = 0;
		};
		DF47636B1A5EC9A5000753B3 /* Sources */ = {
			isa = PBXSourcesBuildPhase;
			buildActionMask = 2147483647;
			files = (
				DF4763761A5EC9A5000753B3 /* Brain3Tests.swift in Sources */,
			);
			runOnlyForDeploymentPostprocessing = 0;
		};
/* End PBXSourcesBuildPhase section */

/* Begin PBXTargetDependency section */
		DF4763711A5EC9A5000753B3 /* PBXTargetDependency */ = {
			isa = PBXTargetDependency;
			target = DF4763591A5EC9A5000753B3 /* Brain3 */;
			targetProxy = DF4763701A5EC9A5000753B3 /* PBXContainerItemProxy */;
		};
/* End PBXTargetDependency section */

/* Begin PBXVariantGroup section */
		DF4763631A5EC9A5000753B3 /* Main.storyboard */ = {
			isa = PBXVariantGroup;
			children = (
				DF4763641A5EC9A5000753B3 /* Base */,
			);
			name = Main.storyboard;
			sourceTree = "<group>";
		};
		DF4763681A5EC9A5000753B3 /* LaunchScreen.xib */ = {
			isa = PBXVariantGroup;
			children = (
				DF4763691A5EC9A5000753B3 /* Base */,
			);
			name = LaunchScreen.xib;
			sourceTree = "<group>";
		};
/* End PBXVariantGroup section */

/* Begin XCBuildConfiguration section */
		DF4763771A5EC9A5000753B3 /* Debug */ = {
			isa = XCBuildConfiguration;
			buildSettings = {
				ALWAYS_SEARCH_USER_PATHS = NO;
				CLANG_CXX_LANGUAGE_STANDARD = "gnu++0x";
				CLANG_CXX_LIBRARY = "libc++";
				CLANG_ENABLE_MODULES = YES;
				CLANG_ENABLE_OBJC_ARC = YES;
				CLANG_WARN_BOOL_CONVERSION = YES;
				CLANG_WARN_CONSTANT_CONVERSION = YES;
				CLANG_WARN_DIRECT_OBJC_ISA_USAGE = YES_ERROR;
				CLANG_WARN_EMPTY_BODY = YES;
				CLANG_WARN_ENUM_CONVERSION = YES;
				CLANG_WARN_INT_CONVERSION = YES;
				CLANG_WARN_OBJC_ROOT_CLASS = YES_ERROR;
				CLANG_WARN_UNREACHABLE_CODE = YES;
				CLANG_WARN__DUPLICATE_METHOD_MATCH = YES;
				"CODE_SIGN_IDENTITY[sdk=iphoneos*]" = "iPhone Developer";
				COPY_PHASE_STRIP = NO;
				ENABLE_STRICT_OBJC_MSGSEND = YES;
				GCC_C_LANGUAGE_STANDARD = gnu99;
				GCC_DYNAMIC_NO_PIC = NO;
				GCC_OPTIMIZATION_LEVEL = 0;
				GCC_PREPROCESSOR_DEFINITIONS = (
					"DEBUG=1",
					"$(inherited)",
				);
				GCC_SYMBOLS_PRIVATE_EXTERN = NO;
				GCC_WARN_64_TO_32_BIT_CONVERSION = YES;
				GCC_WARN_ABOUT_RETURN_TYPE = YES_ERROR;
				GCC_WARN_UNDECLARED_SELECTOR = YES;
				GCC_WARN_UNINITIALIZED_AUTOS = YES_AGGRESSIVE;
				GCC_WARN_UNUSED_FUNCTION = YES;
				GCC_WARN_UNUSED_VARIABLE = YES;
				IPHONEOS_DEPLOYMENT_TARGET = 8.1;
				MTL_ENABLE_DEBUG_INFO = YES;
				ONLY_ACTIVE_ARCH = YES;
				SDKROOT = iphoneos;
				SWIFT_OPTIMIZATION_LEVEL = "-Onone";
			};
			name = Debug;
		};
		DF4763781A5EC9A5000753B3 /* Release */ = {
			isa = XCBuildConfiguration;
			buildSettings = {
				ALWAYS_SEARCH_USER_PATHS = NO;
				CLANG_CXX_LANGUAGE_STANDARD = "gnu++0x";
				CLANG_CXX_LIBRARY = "libc++";
				CLANG_ENABLE_MODULES = YES;
				CLANG_ENABLE_OBJC_ARC = YES;
				CLANG_WARN_BOOL_CONVERSION = YES;
				CLANG_WARN_CONSTANT_CONVERSION = YES;
				CLANG_WARN_DIRECT_OBJC_ISA_USAGE = YES_ERROR;
				CLANG_WARN_EMPTY_BODY = YES;
				CLANG_WARN_ENUM_CONVERSION = YES;
				CLANG_WARN_INT_CONVERSION = YES;
				CLANG_WARN_OBJC_ROOT_CLASS = YES_ERROR;
				CLANG_WARN_UNREACHABLE_CODE = YES;
				CLANG_WARN__DUPLICATE_METHOD_MATCH = YES;
				"CODE_SIGN_IDENTITY[sdk=iphoneos*]" = "iPhone Developer";
				COPY_PHASE_STRIP = YES;
				ENABLE_NS_ASSERTIONS = NO;
				ENABLE_STRICT_OBJC_MSGSEND = YES;
				GCC_C_LANGUAGE_STANDARD = gnu99;
				GCC_WARN_64_TO_32_BIT_CONVERSION = YES;
				GCC_WARN_ABOUT_RETURN_TYPE = YES_ERROR;
				GCC_WARN_UNDECLARED_SELECTOR = YES;
				GCC_WARN_UNINITIALIZED_AUTOS = YES_AGGRESSIVE;
				GCC_WARN_UNUSED_FUNCTION = YES;
				GCC_WARN_UNUSED_VARIABLE = YES;
				IPHONEOS_DEPLOYMENT_TARGET = 8.1;
				MTL_ENABLE_DEBUG_INFO = NO;
				SDKROOT = iphoneos;
				VALIDATE_PRODUCT = YES;
			};
			name = Release;
		};
		DF47637A1A5EC9A5000753B3 /* Debug */ = {
			isa = XCBuildConfiguration;
			buildSettings = {
				ASSETCATALOG_COMPILER_APPICON_NAME = AppIcon;
				INFOPLIST_FILE = Brain3/Info.plist;
				LD_RUNPATH_SEARCH_PATHS = "$(inherited) @executable_path/Frameworks";
				PRODUCT_NAME = "$(TARGET_NAME)";
			};
			name = Debug;
		};
		DF47637B1A5EC9A5000753B3 /* Release */ = {
			isa = XCBuildConfiguration;
			buildSettings = {
				ASSETCATALOG_COMPILER_APPICON_NAME = AppIcon;
				INFOPLIST_FILE = Brain3/Info.plist;
				LD_RUNPATH_SEARCH_PATHS = "$(inherited) @executable_path/Frameworks";
				PRODUCT_NAME = "$(TARGET_NAME)";
			};
			name = Release;
		};
		DF47637D1A5EC9A5000753B3 /* Debug */ = {
			isa = XCBuildConfiguration;
			buildSettings = {
				BUNDLE_LOADER = "$(TEST_HOST)";
				FRAMEWORK_SEARCH_PATHS = (
					"$(SDKROOT)/Developer/Library/Frameworks",
					"$(inherited)",
				);
				GCC_PREPROCESSOR_DEFINITIONS = (
					"DEBUG=1",
					"$(inherited)",
				);
				INFOPLIST_FILE = Brain3Tests/Info.plist;
				LD_RUNPATH_SEARCH_PATHS = "$(inherited) @executable_path/Frameworks @loader_path/Frameworks";
				PRODUCT_NAME = "$(TARGET_NAME)";
				TEST_HOST = "$(BUILT_PRODUCTS_DIR)/Brain3.app/Brain3";
			};
			name = Debug;
		};
		DF47637E1A5EC9A5000753B3 /* Release */ = {
			isa = XCBuildConfiguration;
			buildSettings = {
				BUNDLE_LOADER = "$(TEST_HOST)";
				FRAMEWORK_SEARCH_PATHS = (
					"$(SDKROOT)/Developer/Library/Frameworks",
					"$(inherited)",
				);
				INFOPLIST_FILE = Brain3Tests/Info.plist;
				LD_RUNPATH_SEARCH_PATHS = "$(inherited) @executable_path/Frameworks @loader_path/Frameworks";
				PRODUCT_NAME = "$(TARGET_NAME)";
				TEST_HOST = "$(BUILT_PRODUCTS_DIR)/Brain3.app/Brain3";
			};
			name = Release;
		};
/* End XCBuildConfiguration section */

/* Begin XCConfigurationList section */
		DF4763551A5EC9A5000753B3 /* Build configuration list for PBXProject "Brain3" */ = {
			isa = XCConfigurationList;
			buildConfigurations = (
				DF4763771A5EC9A5000753B3 /* Debug */,
				DF4763781A5EC9A5000753B3 /* Release */,
			);
			defaultConfigurationIsVisible = 0;
			defaultConfigurationName = Release;
		};
		DF4763791A5EC9A5000753B3 /* Build configuration list for PBXNativeTarget "Brain3" */ = {
			isa = XCConfigurationList;
			buildConfigurations = (
				DF47637A1A5EC9A5000753B3 /* Debug */,
				DF47637B1A5EC9A5000753B3 /* Release */,
			);
			defaultConfigurationIsVisible = 0;
		};
		DF47637C1A5EC9A5000753B3 /* Build configuration list for PBXNativeTarget "Brain3Tests" */ = {
			isa = XCConfigurationList;
			buildConfigurations = (
				DF47637D1A5EC9A5000753B3 /* Debug */,
				DF47637E1A5EC9A5000753B3 /* Release */,
			);
			defaultConfigurationIsVisible = 0;
		};
/* End XCConfigurationList section */
	};
	rootObject = DF4763521A5EC9A5000753B3 /* Project object */;
}
