// !$*UTF8*$!
{
	archiveVersion = 1;
	classes = {
	};
	objectVersion = 46;
	objects = {

/* Begin PBXBuildFile section */
		DFDDCEF61A52EB9600976BD7 /* AppDelegate.swift in Sources */ = {isa = PBXBuildFile; fileRef = DFDDCEF51A52EB9600976BD7 /* AppDelegate.swift */; };
		DFDDCEF81A52EB9600976BD7 /* ViewController.swift in Sources */ = {isa = PBXBuildFile; fileRef = DFDDCEF71A52EB9600976BD7 /* ViewController.swift */; };
		DFDDCEFB1A52EB9600976BD7 /* Main.storyboard in Resources */ = {isa = PBXBuildFile; fileRef = DFDDCEF91A52EB9600976BD7 /* Main.storyboard */; };
		DFDDCEFD1A52EB9600976BD7 /* Images.xcassets in Resources */ = {isa = PBXBuildFile; fileRef = DFDDCEFC1A52EB9600976BD7 /* Images.xcassets */; };
		DFDDCF001A52EB9600976BD7 /* LaunchScreen.xib in Resources */ = {isa = PBXBuildFile; fileRef = DFDDCEFE1A52EB9600976BD7 /* LaunchScreen.xib */; };
		DFDDCF0C1A52EB9600976BD7 /* FirstSwiftAppTests.swift in Sources */ = {isa = PBXBuildFile; fileRef = DFDDCF0B1A52EB9600976BD7 /* FirstSwiftAppTests.swift */; };
/* End PBXBuildFile section */

/* Begin PBXContainerItemProxy section */
		DFDDCF061A52EB9600976BD7 /* PBXContainerItemProxy */ = {
			isa = PBXContainerItemProxy;
			containerPortal = DFDDCEE81A52EB9500976BD7 /* Project object */;
			proxyType = 1;
			remoteGlobalIDString = DFDDCEEF1A52EB9500976BD7;
			remoteInfo = FirstSwiftApp;
		};
/* End PBXContainerItemProxy section */

/* Begin PBXFileReference section */
		DFDDCEF01A52EB9500976BD7 /* FirstSwiftApp.app */ = {isa = PBXFileReference; explicitFileType = wrapper.application; includeInIndex = 0; path = FirstSwiftApp.app; sourceTree = BUILT_PRODUCTS_DIR; };
		DFDDCEF41A52EB9600976BD7 /* Info.plist */ = {isa = PBXFileReference; lastKnownFileType = text.plist.xml; path = Info.plist; sourceTree = "<group>"; };
		DFDDCEF51A52EB9600976BD7 /* AppDelegate.swift */ = {isa = PBXFileReference; lastKnownFileType = sourcecode.swift; path = AppDelegate.swift; sourceTree = "<group>"; };
		DFDDCEF71A52EB9600976BD7 /* ViewController.swift */ = {isa = PBXFileReference; lastKnownFileType = sourcecode.swift; path = ViewController.swift; sourceTree = "<group>"; };
		DFDDCEFA1A52EB9600976BD7 /* Base */ = {isa = PBXFileReference; lastKnownFileType = file.storyboard; name = Base; path = Base.lproj/Main.storyboard; sourceTree = "<group>"; };
		DFDDCEFC1A52EB9600976BD7 /* Images.xcassets */ = {isa = PBXFileReference; lastKnownFileType = folder.assetcatalog; path = Images.xcassets; sourceTree = "<group>"; };
		DFDDCEFF1A52EB9600976BD7 /* Base */ = {isa = PBXFileReference; lastKnownFileType = file.xib; name = Base; path = Base.lproj/LaunchScreen.xib; sourceTree = "<group>"; };
		DFDDCF051A52EB9600976BD7 /* FirstSwiftAppTests.xctest */ = {isa = PBXFileReference; explicitFileType = wrapper.cfbundle; includeInIndex = 0; path = FirstSwiftAppTests.xctest; sourceTree = BUILT_PRODUCTS_DIR; };
		DFDDCF0A1A52EB9600976BD7 /* Info.plist */ = {isa = PBXFileReference; lastKnownFileType = text.plist.xml; path = Info.plist; sourceTree = "<group>"; };
		DFDDCF0B1A52EB9600976BD7 /* FirstSwiftAppTests.swift */ = {isa = PBXFileReference; lastKnownFileType = sourcecode.swift; path = FirstSwiftAppTests.swift; sourceTree = "<group>"; };
/* End PBXFileReference section */

/* Begin PBXFrameworksBuildPhase section */
		DFDDCEED1A52EB9500976BD7 /* Frameworks */ = {
			isa = PBXFrameworksBuildPhase;
			buildActionMask = 2147483647;
			files = (
			);
			runOnlyForDeploymentPostprocessing = 0;
		};
		DFDDCF021A52EB9600976BD7 /* Frameworks */ = {
			isa = PBXFrameworksBuildPhase;
			buildActionMask = 2147483647;
			files = (
			);
			runOnlyForDeploymentPostprocessing = 0;
		};
/* End PBXFrameworksBuildPhase section */

/* Begin PBXGroup section */
		DFDDCEE71A52EB9500976BD7 = {
			isa = PBXGroup;
			children = (
				DFDDCEF21A52EB9500976BD7 /* FirstSwiftApp */,
				DFDDCF081A52EB9600976BD7 /* FirstSwiftAppTests */,
				DFDDCEF11A52EB9500976BD7 /* Products */,
			);
			sourceTree = "<group>";
		};
		DFDDCEF11A52EB9500976BD7 /* Products */ = {
			isa = PBXGroup;
			children = (
				DFDDCEF01A52EB9500976BD7 /* FirstSwiftApp.app */,
				DFDDCF051A52EB9600976BD7 /* FirstSwiftAppTests.xctest */,
			);
			name = Products;
			sourceTree = "<group>";
		};
		DFDDCEF21A52EB9500976BD7 /* FirstSwiftApp */ = {
			isa = PBXGroup;
			children = (
				DFDDCEF51A52EB9600976BD7 /* AppDelegate.swift */,
				DFDDCEF71A52EB9600976BD7 /* ViewController.swift */,
				DFDDCEF91A52EB9600976BD7 /* Main.storyboard */,
				DFDDCEFC1A52EB9600976BD7 /* Images.xcassets */,
				DFDDCEFE1A52EB9600976BD7 /* LaunchScreen.xib */,
				DFDDCEF31A52EB9500976BD7 /* Supporting Files */,
			);
			path = FirstSwiftApp;
			sourceTree = "<group>";
		};
		DFDDCEF31A52EB9500976BD7 /* Supporting Files */ = {
			isa = PBXGroup;
			children = (
				DFDDCEF41A52EB9600976BD7 /* Info.plist */,
			);
			name = "Supporting Files";
			sourceTree = "<group>";
		};
		DFDDCF081A52EB9600976BD7 /* FirstSwiftAppTests */ = {
			isa = PBXGroup;
			children = (
				DFDDCF0B1A52EB9600976BD7 /* FirstSwiftAppTests.swift */,
				DFDDCF091A52EB9600976BD7 /* Supporting Files */,
			);
			path = FirstSwiftAppTests;
			sourceTree = "<group>";
		};
		DFDDCF091A52EB9600976BD7 /* Supporting Files */ = {
			isa = PBXGroup;
			children = (
				DFDDCF0A1A52EB9600976BD7 /* Info.plist */,
			);
			name = "Supporting Files";
			sourceTree = "<group>";
		};
/* End PBXGroup section */

/* Begin PBXNativeTarget section */
		DFDDCEEF1A52EB9500976BD7 /* FirstSwiftApp */ = {
			isa = PBXNativeTarget;
			buildConfigurationList = DFDDCF0F1A52EB9600976BD7 /* Build configuration list for PBXNativeTarget "FirstSwiftApp" */;
			buildPhases = (
				DFDDCEEC1A52EB9500976BD7 /* Sources */,
				DFDDCEED1A52EB9500976BD7 /* Frameworks */,
				DFDDCEEE1A52EB9500976BD7 /* Resources */,
			);
			buildRules = (
			);
			dependencies = (
			);
			name = FirstSwiftApp;
			productName = FirstSwiftApp;
			productReference = DFDDCEF01A52EB9500976BD7 /* FirstSwiftApp.app */;
			productType = "com.apple.product-type.application";
		};
		DFDDCF041A52EB9600976BD7 /* FirstSwiftAppTests */ = {
			isa = PBXNativeTarget;
			buildConfigurationList = DFDDCF121A52EB9600976BD7 /* Build configuration list for PBXNativeTarget "FirstSwiftAppTests" */;
			buildPhases = (
				DFDDCF011A52EB9600976BD7 /* Sources */,
				DFDDCF021A52EB9600976BD7 /* Frameworks */,
				DFDDCF031A52EB9600976BD7 /* Resources */,
			);
			buildRules = (
			);
			dependencies = (
				DFDDCF071A52EB9600976BD7 /* PBXTargetDependency */,
			);
			name = FirstSwiftAppTests;
			productName = FirstSwiftAppTests;
			productReference = DFDDCF051A52EB9600976BD7 /* FirstSwiftAppTests.xctest */;
			productType = "com.apple.product-type.bundle.unit-test";
		};
/* End PBXNativeTarget section */

/* Begin PBXProject section */
		DFDDCEE81A52EB9500976BD7 /* Project object */ = {
			isa = PBXProject;
			attributes = {
				LastUpgradeCheck = 0610;
				ORGANIZATIONNAME = app;
				TargetAttributes = {
					DFDDCEEF1A52EB9500976BD7 = {
						CreatedOnToolsVersion = 6.1.1;
					};
					DFDDCF041A52EB9600976BD7 = {
						CreatedOnToolsVersion = 6.1.1;
						TestTargetID = DFDDCEEF1A52EB9500976BD7;
					};
				};
			};
			buildConfigurationList = DFDDCEEB1A52EB9500976BD7 /* Build configuration list for PBXProject "FirstSwiftApp" */;
			compatibilityVersion = "Xcode 3.2";
			developmentRegion = English;
			hasScannedForEncodings = 0;
			knownRegions = (
				en,
				Base,
			);
			mainGroup = DFDDCEE71A52EB9500976BD7;
			productRefGroup = DFDDCEF11A52EB9500976BD7 /* Products */;
			projectDirPath = "";
			projectRoot = "";
			targets = (
				DFDDCEEF1A52EB9500976BD7 /* FirstSwiftApp */,
				DFDDCF041A52EB9600976BD7 /* FirstSwiftAppTests */,
			);
		};
/* End PBXProject section */

/* Begin PBXResourcesBuildPhase section */
		DFDDCEEE1A52EB9500976BD7 /* Resources */ = {
			isa = PBXResourcesBuildPhase;
			buildActionMask = 2147483647;
			files = (
				DFDDCEFB1A52EB9600976BD7 /* Main.storyboard in Resources */,
				DFDDCF001A52EB9600976BD7 /* LaunchScreen.xib in Resources */,
				DFDDCEFD1A52EB9600976BD7 /* Images.xcassets in Resources */,
			);
			runOnlyForDeploymentPostprocessing = 0;
		};
		DFDDCF031A52EB9600976BD7 /* Resources */ = {
			isa = PBXResourcesBuildPhase;
			buildActionMask = 2147483647;
			files = (
			);
			runOnlyForDeploymentPostprocessing = 0;
		};
/* End PBXResourcesBuildPhase section */

/* Begin PBXSourcesBuildPhase section */
		DFDDCEEC1A52EB9500976BD7 /* Sources */ = {
			isa = PBXSourcesBuildPhase;
			buildActionMask = 2147483647;
			files = (
				DFDDCEF81A52EB9600976BD7 /* ViewController.swift in Sources */,
				DFDDCEF61A52EB9600976BD7 /* AppDelegate.swift in Sources */,
			);
			runOnlyForDeploymentPostprocessing = 0;
		};
		DFDDCF011A52EB9600976BD7 /* Sources */ = {
			isa = PBXSourcesBuildPhase;
			buildActionMask = 2147483647;
			files = (
				DFDDCF0C1A52EB9600976BD7 /* FirstSwiftAppTests.swift in Sources */,
			);
			runOnlyForDeploymentPostprocessing = 0;
		};
/* End PBXSourcesBuildPhase section */

/* Begin PBXTargetDependency section */
		DFDDCF071A52EB9600976BD7 /* PBXTargetDependency */ = {
			isa = PBXTargetDependency;
			target = DFDDCEEF1A52EB9500976BD7 /* FirstSwiftApp */;
			targetProxy = DFDDCF061A52EB9600976BD7 /* PBXContainerItemProxy */;
		};
/* End PBXTargetDependency section */

/* Begin PBXVariantGroup section */
		DFDDCEF91A52EB9600976BD7 /* Main.storyboard */ = {
			isa = PBXVariantGroup;
			children = (
				DFDDCEFA1A52EB9600976BD7 /* Base */,
			);
			name = Main.storyboard;
			sourceTree = "<group>";
		};
		DFDDCEFE1A52EB9600976BD7 /* LaunchScreen.xib */ = {
			isa = PBXVariantGroup;
			children = (
				DFDDCEFF1A52EB9600976BD7 /* Base */,
			);
			name = LaunchScreen.xib;
			sourceTree = "<group>";
		};
/* End PBXVariantGroup section */

/* Begin XCBuildConfiguration section */
		DFDDCF0D1A52EB9600976BD7 /* Debug */ = {
			isa = XCBuildConfiguration;
			buildSettings = {
				ALWAYS_SEARCH_USER_PATHS = NO;
				CLANG_CXX_LANGUAGE_STANDARD = "gnu++0x";
				CLANG_CXX_LIBRARY = "libc++";
				CLANG_ENABLE_MODULES = YES;
				CLANG_ENABLE_OBJC_ARC = YES;
				CLANG_WARN_BOOL_CONVERSION = YES;
				CLANG_WARN_CONSTANT_CONVERSION = YES;
				CLANG_WARN_DIRECT_OBJC_ISA_USAGE = YES_ERROR;
				CLANG_WARN_EMPTY_BODY = YES;
				CLANG_WARN_ENUM_CONVERSION = YES;
				CLANG_WARN_INT_CONVERSION = YES;
				CLANG_WARN_OBJC_ROOT_CLASS = YES_ERROR;
				CLANG_WARN_UNREACHABLE_CODE = YES;
				CLANG_WARN__DUPLICATE_METHOD_MATCH = YES;
				"CODE_SIGN_IDENTITY[sdk=iphoneos*]" = "iPhone Developer";
				COPY_PHASE_STRIP = NO;
				ENABLE_STRICT_OBJC_MSGSEND = YES;
				GCC_C_LANGUAGE_STANDARD = gnu99;
				GCC_DYNAMIC_NO_PIC = NO;
				GCC_OPTIMIZATION_LEVEL = 0;
				GCC_PREPROCESSOR_DEFINITIONS = (
					"DEBUG=1",
					"$(inherited)",
				);
				GCC_SYMBOLS_PRIVATE_EXTERN = NO;
				GCC_WARN_64_TO_32_BIT_CONVERSION = YES;
				GCC_WARN_ABOUT_RETURN_TYPE = YES_ERROR;
				GCC_WARN_UNDECLARED_SELECTOR = YES;
				GCC_WARN_UNINITIALIZED_AUTOS = YES_AGGRESSIVE;
				GCC_WARN_UNUSED_FUNCTION = YES;
				GCC_WARN_UNUSED_VARIABLE = YES;
				IPHONEOS_DEPLOYMENT_TARGET = 8.1;
				MTL_ENABLE_DEBUG_INFO = YES;
				ONLY_ACTIVE_ARCH = YES;
				SDKROOT = iphoneos;
				SWIFT_OPTIMIZATION_LEVEL = "-Onone";
			};
			name = Debug;
		};
		DFDDCF0E1A52EB9600976BD7 /* Release */ = {
			isa = XCBuildConfiguration;
			buildSettings = {
				ALWAYS_SEARCH_USER_PATHS = NO;
				CLANG_CXX_LANGUAGE_STANDARD = "gnu++0x";
				CLANG_CXX_LIBRARY = "libc++";
				CLANG_ENABLE_MODULES = YES;
				CLANG_ENABLE_OBJC_ARC = YES;
				CLANG_WARN_BOOL_CONVERSION = YES;
				CLANG_WARN_CONSTANT_CONVERSION = YES;
				CLANG_WARN_DIRECT_OBJC_ISA_USAGE = YES_ERROR;
				CLANG_WARN_EMPTY_BODY = YES;
				CLANG_WARN_ENUM_CONVERSION = YES;
				CLANG_WARN_INT_CONVERSION = YES;
				CLANG_WARN_OBJC_ROOT_CLASS = YES_ERROR;
				CLANG_WARN_UNREACHABLE_CODE = YES;
				CLANG_WARN__DUPLICATE_METHOD_MATCH = YES;
				"CODE_SIGN_IDENTITY[sdk=iphoneos*]" = "iPhone Developer";
				COPY_PHASE_STRIP = YES;
				ENABLE_NS_ASSERTIONS = NO;
				ENABLE_STRICT_OBJC_MSGSEND = YES;
				GCC_C_LANGUAGE_STANDARD = gnu99;
				GCC_WARN_64_TO_32_BIT_CONVERSION = YES;
				GCC_WARN_ABOUT_RETURN_TYPE = YES_ERROR;
				GCC_WARN_UNDECLARED_SELECTOR = YES;
				GCC_WARN_UNINITIALIZED_AUTOS = YES_AGGRESSIVE;
				GCC_WARN_UNUSED_FUNCTION = YES;
				GCC_WARN_UNUSED_VARIABLE = YES;
				IPHONEOS_DEPLOYMENT_TARGET = 8.1;
				MTL_ENABLE_DEBUG_INFO = NO;
				SDKROOT = iphoneos;
				VALIDATE_PRODUCT = YES;
			};
			name = Release;
		};
		DFDDCF101A52EB9600976BD7 /* Debug */ = {
			isa = XCBuildConfiguration;
			buildSettings = {
				ASSETCATALOG_COMPILER_APPICON_NAME = AppIcon;
				INFOPLIST_FILE = FirstSwiftApp/Info.plist;
				LD_RUNPATH_SEARCH_PATHS = "$(inherited) @executable_path/Frameworks";
				PRODUCT_NAME = "$(TARGET_NAME)";
			};
			name = Debug;
		};
		DFDDCF111A52EB9600976BD7 /* Release */ = {
			isa = XCBuildConfiguration;
			buildSettings = {
				ASSETCATALOG_COMPILER_APPICON_NAME = AppIcon;
				INFOPLIST_FILE = FirstSwiftApp/Info.plist;
				LD_RUNPATH_SEARCH_PATHS = "$(inherited) @executable_path/Frameworks";
				PRODUCT_NAME = "$(TARGET_NAME)";
			};
			name = Release;
		};
		DFDDCF131A52EB9600976BD7 /* Debug */ = {
			isa = XCBuildConfiguration;
			buildSettings = {
				BUNDLE_LOADER = "$(TEST_HOST)";
				FRAMEWORK_SEARCH_PATHS = (
					"$(SDKROOT)/Developer/Library/Frameworks",
					"$(inherited)",
				);
				GCC_PREPROCESSOR_DEFINITIONS = (
					"DEBUG=1",
					"$(inherited)",
				);
				INFOPLIST_FILE = FirstSwiftAppTests/Info.plist;
				LD_RUNPATH_SEARCH_PATHS = "$(inherited) @executable_path/Frameworks @loader_path/Frameworks";
				PRODUCT_NAME = "$(TARGET_NAME)";
				TEST_HOST = "$(BUILT_PRODUCTS_DIR)/FirstSwiftApp.app/FirstSwiftApp";
			};
			name = Debug;
		};
		DFDDCF141A52EB9600976BD7 /* Release */ = {
			isa = XCBuildConfiguration;
			buildSettings = {
				BUNDLE_LOADER = "$(TEST_HOST)";
				FRAMEWORK_SEARCH_PATHS = (
					"$(SDKROOT)/Developer/Library/Frameworks",
					"$(inherited)",
				);
				INFOPLIST_FILE = FirstSwiftAppTests/Info.plist;
				LD_RUNPATH_SEARCH_PATHS = "$(inherited) @executable_path/Frameworks @loader_path/Frameworks";
				PRODUCT_NAME = "$(TARGET_NAME)";
				TEST_HOST = "$(BUILT_PRODUCTS_DIR)/FirstSwiftApp.app/FirstSwiftApp";
			};
			name = Release;
		};
/* End XCBuildConfiguration section */

/* Begin XCConfigurationList section */
		DFDDCEEB1A52EB9500976BD7 /* Build configuration list for PBXProject "FirstSwiftApp" */ = {
			isa = XCConfigurationList;
			buildConfigurations = (
				DFDDCF0D1A52EB9600976BD7 /* Debug */,
				DFDDCF0E1A52EB9600976BD7 /* Release */,
			);
			defaultConfigurationIsVisible = 0;
			defaultConfigurationName = Release;
		};
		DFDDCF0F1A52EB9600976BD7 /* Build configuration list for PBXNativeTarget "FirstSwiftApp" */ = {
			isa = XCConfigurationList;
			buildConfigurations = (
				DFDDCF101A52EB9600976BD7 /* Debug */,
				DFDDCF111A52EB9600976BD7 /* Release */,
			);
			defaultConfigurationIsVisible = 0;
		};
		DFDDCF121A52EB9600976BD7 /* Build configuration list for PBXNativeTarget "FirstSwiftAppTests" */ = {
			isa = XCConfigurationList;
			buildConfigurations = (
				DFDDCF131A52EB9600976BD7 /* Debug */,
				DFDDCF141A52EB9600976BD7 /* Release */,
			);
			defaultConfigurationIsVisible = 0;
		};
/* End XCConfigurationList section */
	};
	rootObject = DFDDCEE81A52EB9500976BD7 /* Project object */;
}
